
Microsoft Visual Studio Solution File, Format Version 12.00
# Visual Studio Version 16
VisualStudioVersion = 16.0.32002.261
MinimumVisualStudioVersion = 10.0.40219.1
Project("{9A19103F-16F7-4668-BE54-9A1E7A4F7556}") = "Telegram.Api", "Telegram.Api\Telegram.Api.csproj", "{AD33A16E-D855-4995-858F-39D3E1B7240C}"
EndProject
Project("{9A19103F-16F7-4668-BE54-9A1E7A4F7556}") = "Telegram.Domain", "Telegram.Domain\Telegram.Domain.csproj", "{F29F1769-8A35-4AC8-814C-092DA9BD483A}"
EndProject
Project("{9A19103F-16F7-4668-BE54-9A1E7A4F7556}") = "Telegram.Data", "Telegram.Data\Telegram.Data.csproj", "{21991BDE-0CD6-4661-B335-49D211CBC110}"
EndProject
Project("{9A19103F-16F7-4668-BE54-9A1E7A4F7556}") = "Telegram.Service", "Telegram.Service\Telegram.Service.csproj", "{DFEDF97F-4EEA-47D4-A45E-EF5FAE90A03E}"
EndProject
Project("{FAE04EC0-301F-11D3-BF4B-00C04F79EFBC}") = "Telegram.ViewModel", "Telegram.ViewModel\Telegram.ViewModel.csproj", "{8FFF1DBD-6068-4A1E-87F3-4838615F4E11}"
EndProject
Global
	GlobalSection(SolutionConfigurationPlatforms) = preSolution
		Debug|Any CPU = Debug|Any CPU
		Release|Any CPU = Release|Any CPU
	EndGlobalSection
	GlobalSection(ProjectConfigurationPlatforms) = postSolution
		{AD33A16E-D855-4995-858F-39D3E1B7240C}.Debug|Any CPU.ActiveCfg = Debug|Any CPU
		{AD33A16E-D855-4995-858F-39D3E1B7240C}.Debug|Any CPU.Build.0 = Debug|Any CPU
		{AD33A16E-D855-4995-858F-39D3E1B7240C}.Release|Any CPU.ActiveCfg = Release|Any CPU
		{AD33A16E-D855-4995-858F-39D3E1B7240C}.Release|Any CPU.Build.0 = Release|Any CPU
		{F29F1769-8A35-4AC8-814C-092DA9BD483A}.Debug|Any CPU.ActiveCfg = Debug|Any CPU
		{F29F1769-8A35-4AC8-814C-092DA9BD483A}.Debug|Any CPU.Build.0 = Debug|Any CPU
		{F29F1769-8A35-4AC8-814C-092DA9BD483A}.Release|Any CPU.ActiveCfg = Release|Any CPU
		{F29F1769-8A35-4AC8-814C-092DA9BD483A}.Release|Any CPU.Build.0 = Release|Any CPU
		{21991BDE-0CD6-4661-B335-49D211CBC110}.Debug|Any CPU.ActiveCfg = Debug|Any CPU
		{21991BDE-0CD6-4661-B335-49D211CBC110}.Debug|Any CPU.Build.0 = Debug|Any CPU
		{21991BDE-0CD6-4661-B335-49D211CBC110}.Release|Any CPU.ActiveCfg = Release|Any CPU
		{21991BDE-0CD6-4661-B335-49D211CBC110}.Release|Any CPU.Build.0 = Release|Any CPU
		{DFEDF97F-4EEA-47D4-A45E-EF5FAE90A03E}.Debug|Any CPU.ActiveCfg = Debug|Any CPU
		{DFEDF97F-4EEA-47D4-A45E-EF5FAE90A03E}.Debug|Any CPU.Build.0 = Debug|Any CPU
		{DFEDF97F-4EEA-47D4-A45E-EF5FAE90A03E}.Release|Any CPU.ActiveCfg = Release|Any CPU
		{DFEDF97F-4EEA-47D4-A45E-EF5FAE90A03E}.Release|Any CPU.Build.0 = Release|Any CPU
		{8FFF1DBD-6068-4A1E-87F3-4838615F4E11}.Debug|Any CPU.ActiveCfg = Debug|Any CPU
		{8FFF1DBD-6068-4A1E-87F3-4838615F4E11}.Debug|Any CPU.Build.0 = Debug|Any CPU
		{8FFF1DBD-6068-4A1E-87F3-4838615F4E11}.Release|Any CPU.ActiveCfg = Release|Any CPU
		{8FFF1DBD-6068-4A1E-87F3-4838615F4E11}.Release|Any CPU.Build.0 = Release|Any CPU
	EndGlobalSection
	GlobalSection(SolutionProperties) = preSolution
		HideSolutionNode = FALSE
	EndGlobalSection
	GlobalSection(ExtensibilityGlobals) = postSolution
		SolutionGuid = {1F773504-DFDD-4035-B1B2-E5DDDB272A6A}
	EndGlobalSection
EndGlobal
